// !$*UTF8*$!
{
	archiveVersion = 1;
	classes = {
	};
	objectVersion = 56;
	objects = {

/* Begin PBXBuildFile section */
		006D7EDD2AFF7E8C00B933C3 /* Assets.xcassets in Resources */ = {isa = PBXBuildFile; fileRef = 006D7EDC2AFF7E8C00B933C3 /* Assets.xcassets */; };
		006D7EE12AFF7E8C00B933C3 /* Preview Assets.xcassets in Resources */ = {isa = PBXBuildFile; fileRef = 006D7EE02AFF7E8C00B933C3 /* Preview Assets.xcassets */; };
		006D7F8E2AFF806E00B933C3 /* AuthRepository.swift in Sources */ = {isa = PBXBuildFile; fileRef = 006D7EEA2AFF806C00B933C3 /* AuthRepository.swift */; };
		006D7F922AFF806E00B933C3 /* AuthRequest.swift in Sources */ = {isa = PBXBuildFile; fileRef = 006D7EF02AFF806C00B933C3 /* AuthRequest.swift */; };
		006D7F932AFF806E00B933C3 /* RestaurantsRequest.swift in Sources */ = {isa = PBXBuildFile; fileRef = 006D7EF12AFF806C00B933C3 /* RestaurantsRequest.swift */; };
		006D7F942AFF806E00B933C3 /* JSONRequest.swift in Sources */ = {isa = PBXBuildFile; fileRef = 006D7EF22AFF806C00B933C3 /* JSONRequest.swift */; };
		006D7F972AFF806E00B933C3 /* TabItem.swift in Sources */ = {isa = PBXBuildFile; fileRef = 006D7EF72AFF806C00B933C3 /* TabItem.swift */; };
		006D7F982AFF806E00B933C3 /* EmptyResponse.swift in Sources */ = {isa = PBXBuildFile; fileRef = 006D7EF92AFF806C00B933C3 /* EmptyResponse.swift */; };
		006D7F992AFF806E00B933C3 /* ErrorResponse.swift in Sources */ = {isa = PBXBuildFile; fileRef = 006D7EFA2AFF806D00B933C3 /* ErrorResponse.swift */; };
		006D7F9A2AFF806E00B933C3 /* AuthResponse.swift in Sources */ = {isa = PBXBuildFile; fileRef = 006D7EFB2AFF806D00B933C3 /* AuthResponse.swift */; };
		006D7FA32AFF806E00B933C3 /* RoundedCorner.swift in Sources */ = {isa = PBXBuildFile; fileRef = 006D7F062AFF806D00B933C3 /* RoundedCorner.swift */; };
		006D7FA42AFF806E00B933C3 /* CachedAsyncImage.swift in Sources */ = {isa = PBXBuildFile; fileRef = 006D7F082AFF806D00B933C3 /* CachedAsyncImage.swift */; };
		006D7FA52AFF806E00B933C3 /* Spinner.swift in Sources */ = {isa = PBXBuildFile; fileRef = 006D7F092AFF806D00B933C3 /* Spinner.swift */; };
		006D7FA72AFF806E00B933C3 /* NavigationBottom.swift in Sources */ = {isa = PBXBuildFile; fileRef = 006D7F0B2AFF806D00B933C3 /* NavigationBottom.swift */; };
		006D7FA82AFF806E00B933C3 /* TextField.swift in Sources */ = {isa = PBXBuildFile; fileRef = 006D7F0C2AFF806D00B933C3 /* TextField.swift */; };
		006D7FA92AFF806E00B933C3 /* Line.swift in Sources */ = {isa = PBXBuildFile; fileRef = 006D7F0D2AFF806D00B933C3 /* Line.swift */; };
		006D7FAD2AFF806E00B933C3 /* Separator.swift in Sources */ = {isa = PBXBuildFile; fileRef = 006D7F112AFF806D00B933C3 /* Separator.swift */; };
		006D7FB52AFF806E00B933C3 /* ViewExtensions.swift in Sources */ = {isa = PBXBuildFile; fileRef = 006D7F1B2AFF806D00B933C3 /* ViewExtensions.swift */; };
		006D7FB72AFF806E00B933C3 /* ImageExtensions.swift in Sources */ = {isa = PBXBuildFile; fileRef = 006D7F1D2AFF806D00B933C3 /* ImageExtensions.swift */; };
		006D7FB82AFF806E00B933C3 /* ColorExtensions.swift in Sources */ = {isa = PBXBuildFile; fileRef = 006D7F1E2AFF806D00B933C3 /* ColorExtensions.swift */; };
		006D7FB92AFF806E00B933C3 /* UIColorExtensions.swift in Sources */ = {isa = PBXBuildFile; fileRef = 006D7F1F2AFF806D00B933C3 /* UIColorExtensions.swift */; };
		006D7FBC2AFF806E00B933C3 /* ImageAsset.swift in Sources */ = {isa = PBXBuildFile; fileRef = 006D7F232AFF806D00B933C3 /* ImageAsset.swift */; };
		006D7FBE2AFF806E00B933C3 /* ColorToken.swift in Sources */ = {isa = PBXBuildFile; fileRef = 006D7F252AFF806D00B933C3 /* ColorToken.swift */; };
		006D7FBF2AFF806E00B933C3 /* Env.swift in Sources */ = {isa = PBXBuildFile; fileRef = 006D7F272AFF806D00B933C3 /* Env.swift */; };
		006D7FC02AFF806E00B933C3 /* AppDelegate.swift in Sources */ = {isa = PBXBuildFile; fileRef = 006D7F282AFF806D00B933C3 /* AppDelegate.swift */; };
		006D7FC12AFF806E00B933C3 /* SceneDelegate.swift in Sources */ = {isa = PBXBuildFile; fileRef = 006D7F292AFF806D00B933C3 /* SceneDelegate.swift */; };
		006D7FF72AFF806E00B933C3 /* Logger.swift in Sources */ = {isa = PBXBuildFile; fileRef = 006D7F7A2AFF806D00B933C3 /* Logger.swift */; };
		006D7FF82AFF806E00B933C3 /* NavigationEnvironmentValues.swift in Sources */ = {isa = PBXBuildFile; fileRef = 006D7F7D2AFF806D00B933C3 /* NavigationEnvironmentValues.swift */; };
		006D7FF92AFF806E00B933C3 /* NavigationStyle.swift in Sources */ = {isa = PBXBuildFile; fileRef = 006D7F7E2AFF806D00B933C3 /* NavigationStyle.swift */; };
		006D7FFA2AFF806E00B933C3 /* Router.swift in Sources */ = {isa = PBXBuildFile; fileRef = 006D7F7F2AFF806D00B933C3 /* Router.swift */; };
		006D7FFB2AFF806E00B933C3 /* RouterHost.swift in Sources */ = {isa = PBXBuildFile; fileRef = 006D7F802AFF806E00B933C3 /* RouterHost.swift */; };
		006D7FFC2AFF806E00B933C3 /* NavigationControllerHost.swift in Sources */ = {isa = PBXBuildFile; fileRef = 006D7F812AFF806E00B933C3 /* NavigationControllerHost.swift */; };
		006D7FFD2AFF806E00B933C3 /* Route.swift in Sources */ = {isa = PBXBuildFile; fileRef = 006D7F822AFF806E00B933C3 /* Route.swift */; };
		006D7FFE2AFF806E00B933C3 /* ViewModel.swift in Sources */ = {isa = PBXBuildFile; fileRef = 006D7F832AFF806E00B933C3 /* ViewModel.swift */; };
		006D7FFF2AFF806E00B933C3 /* SessionCoordinator.swift in Sources */ = {isa = PBXBuildFile; fileRef = 006D7F862AFF806E00B933C3 /* SessionCoordinator.swift */; };
		006D80012AFF806E00B933C3 /* HTTPMethod.swift in Sources */ = {isa = PBXBuildFile; fileRef = 006D7F892AFF806E00B933C3 /* HTTPMethod.swift */; };
		006D80022AFF806E00B933C3 /* SessionError.swift in Sources */ = {isa = PBXBuildFile; fileRef = 006D7F8A2AFF806E00B933C3 /* SessionError.swift */; };
		006D80032AFF806E00B933C3 /* RequestParameters.swift in Sources */ = {isa = PBXBuildFile; fileRef = 006D7F8B2AFF806E00B933C3 /* RequestParameters.swift */; };
		006D80042AFF806E00B933C3 /* ResultPublisher.swift in Sources */ = {isa = PBXBuildFile; fileRef = 006D7F8C2AFF806E00B933C3 /* ResultPublisher.swift */; };
		006D800A2AFF835E00B933C3 /* RootTopScreen.swift in Sources */ = {isa = PBXBuildFile; fileRef = 006D80072AFF835E00B933C3 /* RootTopScreen.swift */; };
		006D800B2AFF835E00B933C3 /* BottomTabView.swift in Sources */ = {isa = PBXBuildFile; fileRef = 006D80082AFF835E00B933C3 /* BottomTabView.swift */; };
		006D800C2AFF835E00B933C3 /* RootTopViewModel.swift in Sources */ = {isa = PBXBuildFile; fileRef = 006D80092AFF835E00B933C3 /* RootTopViewModel.swift */; };
		006D800F2AFF85EC00B933C3 /* DictionaryHelper.swift in Sources */ = {isa = PBXBuildFile; fileRef = 006D800E2AFF85EC00B933C3 /* DictionaryHelper.swift */; };
		006D80122AFFB9C600B933C3 /* InventoryScreen.swift in Sources */ = {isa = PBXBuildFile; fileRef = 006D80112AFFB9C600B933C3 /* InventoryScreen.swift */; };
		006D80142AFFB9DC00B933C3 /* InventoryViewModel.swift in Sources */ = {isa = PBXBuildFile; fileRef = 006D80132AFFB9DC00B933C3 /* InventoryViewModel.swift */; };
		006D80172AFFBD8000B933C3 /* DashboardCard.swift in Sources */ = {isa = PBXBuildFile; fileRef = 006D80162AFFBD8000B933C3 /* DashboardCard.swift */; };
		006D80192AFFBE1600B933C3 /* InventorySection.swift in Sources */ = {isa = PBXBuildFile; fileRef = 006D80182AFFBE1600B933C3 /* InventorySection.swift */; };
		006D801D2AFFC05300B933C3 /* DashboardSection.swift in Sources */ = {isa = PBXBuildFile; fileRef = 006D801C2AFFC05300B933C3 /* DashboardSection.swift */; };
		006D801F2AFFE0D500B933C3 /* RecentCard.swift in Sources */ = {isa = PBXBuildFile; fileRef = 006D801E2AFFE0D500B933C3 /* RecentCard.swift */; };
		006D80212AFFE72600B933C3 /* RecentSection.swift in Sources */ = {isa = PBXBuildFile; fileRef = 006D80202AFFE72600B933C3 /* RecentSection.swift */; };
		006D80242AFFF24100B933C3 /* ItemsScreen.swift in Sources */ = {isa = PBXBuildFile; fileRef = 006D80232AFFF24100B933C3 /* ItemsScreen.swift */; };
		006D80272AFFF5D400B933C3 /* EditItemScreen.swift in Sources */ = {isa = PBXBuildFile; fileRef = 006D80262AFFF5D400B933C3 /* EditItemScreen.swift */; };
		006D802C2AFFFD6600B933C3 /* CodeScanner in Frameworks */ = {isa = PBXBuildFile; productRef = 006D802B2AFFFD6600B933C3 /* CodeScanner */; };
		006D802E2B0003EF00B933C3 /* LargeButton.swift in Sources */ = {isa = PBXBuildFile; fileRef = 006D802D2B0003EF00B933C3 /* LargeButton.swift */; };
		006D80312B00040500B933C3 /* ServicesScreen.swift in Sources */ = {isa = PBXBuildFile; fileRef = 006D80302B00040500B933C3 /* ServicesScreen.swift */; };
		006D80332B00042000B933C3 /* SignInScreen.swift in Sources */ = {isa = PBXBuildFile; fileRef = 006D80322B00042000B933C3 /* SignInScreen.swift */; };
/* End PBXBuildFile section */

/* Begin PBXFileReference section */
		006D7ED52AFF7E8B00B933C3 /* halykoiy.app */ = {isa = PBXFileReference; explicitFileType = wrapper.application; includeInIndex = 0; path = halykoiy.app; sourceTree = BUILT_PRODUCTS_DIR; };
		006D7EDC2AFF7E8C00B933C3 /* Assets.xcassets */ = {isa = PBXFileReference; lastKnownFileType = folder.assetcatalog; path = Assets.xcassets; sourceTree = "<group>"; };
		006D7EDE2AFF7E8C00B933C3 /* halykoiy.entitlements */ = {isa = PBXFileReference; lastKnownFileType = text.plist.entitlements; path = halykoiy.entitlements; sourceTree = "<group>"; };
		006D7EE02AFF7E8C00B933C3 /* Preview Assets.xcassets */ = {isa = PBXFileReference; lastKnownFileType = folder.assetcatalog; path = "Preview Assets.xcassets"; sourceTree = "<group>"; };
		006D7EEA2AFF806C00B933C3 /* AuthRepository.swift */ = {isa = PBXFileReference; fileEncoding = 4; lastKnownFileType = sourcecode.swift; path = AuthRepository.swift; sourceTree = "<group>"; };
		006D7EF02AFF806C00B933C3 /* AuthRequest.swift */ = {isa = PBXFileReference; fileEncoding = 4; lastKnownFileType = sourcecode.swift; path = AuthRequest.swift; sourceTree = "<group>"; };
		006D7EF12AFF806C00B933C3 /* RestaurantsRequest.swift */ = {isa = PBXFileReference; fileEncoding = 4; lastKnownFileType = sourcecode.swift; path = RestaurantsRequest.swift; sourceTree = "<group>"; };
		006D7EF22AFF806C00B933C3 /* JSONRequest.swift */ = {isa = PBXFileReference; fileEncoding = 4; lastKnownFileType = sourcecode.swift; path = JSONRequest.swift; sourceTree = "<group>"; };
		006D7EF72AFF806C00B933C3 /* TabItem.swift */ = {isa = PBXFileReference; fileEncoding = 4; lastKnownFileType = sourcecode.swift; path = TabItem.swift; sourceTree = "<group>"; };
		006D7EF92AFF806C00B933C3 /* EmptyResponse.swift */ = {isa = PBXFileReference; fileEncoding = 4; lastKnownFileType = sourcecode.swift; path = EmptyResponse.swift; sourceTree = "<group>"; };
		006D7EFA2AFF806D00B933C3 /* ErrorResponse.swift */ = {isa = PBXFileReference; fileEncoding = 4; lastKnownFileType = sourcecode.swift; path = ErrorResponse.swift; sourceTree = "<group>"; };
		006D7EFB2AFF806D00B933C3 /* AuthResponse.swift */ = {isa = PBXFileReference; fileEncoding = 4; lastKnownFileType = sourcecode.swift; path = AuthResponse.swift; sourceTree = "<group>"; };
		006D7F062AFF806D00B933C3 /* RoundedCorner.swift */ = {isa = PBXFileReference; fileEncoding = 4; lastKnownFileType = sourcecode.swift; path = RoundedCorner.swift; sourceTree = "<group>"; };
		006D7F082AFF806D00B933C3 /* CachedAsyncImage.swift */ = {isa = PBXFileReference; fileEncoding = 4; lastKnownFileType = sourcecode.swift; path = CachedAsyncImage.swift; sourceTree = "<group>"; };
		006D7F092AFF806D00B933C3 /* Spinner.swift */ = {isa = PBXFileReference; fileEncoding = 4; lastKnownFileType = sourcecode.swift; path = Spinner.swift; sourceTree = "<group>"; };
		006D7F0B2AFF806D00B933C3 /* NavigationBottom.swift */ = {isa = PBXFileReference; fileEncoding = 4; lastKnownFileType = sourcecode.swift; path = NavigationBottom.swift; sourceTree = "<group>"; };
		006D7F0C2AFF806D00B933C3 /* TextField.swift */ = {isa = PBXFileReference; fileEncoding = 4; lastKnownFileType = sourcecode.swift; path = TextField.swift; sourceTree = "<group>"; };
		006D7F0D2AFF806D00B933C3 /* Line.swift */ = {isa = PBXFileReference; fileEncoding = 4; lastKnownFileType = sourcecode.swift; path = Line.swift; sourceTree = "<group>"; };
		006D7F112AFF806D00B933C3 /* Separator.swift */ = {isa = PBXFileReference; fileEncoding = 4; lastKnownFileType = sourcecode.swift; path = Separator.swift; sourceTree = "<group>"; };
		006D7F1B2AFF806D00B933C3 /* ViewExtensions.swift */ = {isa = PBXFileReference; fileEncoding = 4; lastKnownFileType = sourcecode.swift; path = ViewExtensions.swift; sourceTree = "<group>"; };
		006D7F1D2AFF806D00B933C3 /* ImageExtensions.swift */ = {isa = PBXFileReference; fileEncoding = 4; lastKnownFileType = sourcecode.swift; path = ImageExtensions.swift; sourceTree = "<group>"; };
		006D7F1E2AFF806D00B933C3 /* ColorExtensions.swift */ = {isa = PBXFileReference; fileEncoding = 4; lastKnownFileType = sourcecode.swift; path = ColorExtensions.swift; sourceTree = "<group>"; };
		006D7F1F2AFF806D00B933C3 /* UIColorExtensions.swift */ = {isa = PBXFileReference; fileEncoding = 4; lastKnownFileType = sourcecode.swift; path = UIColorExtensions.swift; sourceTree = "<group>"; };
		006D7F232AFF806D00B933C3 /* ImageAsset.swift */ = {isa = PBXFileReference; fileEncoding = 4; lastKnownFileType = sourcecode.swift; path = ImageAsset.swift; sourceTree = "<group>"; };
		006D7F252AFF806D00B933C3 /* ColorToken.swift */ = {isa = PBXFileReference; fileEncoding = 4; lastKnownFileType = sourcecode.swift; path = ColorToken.swift; sourceTree = "<group>"; };
		006D7F272AFF806D00B933C3 /* Env.swift */ = {isa = PBXFileReference; fileEncoding = 4; lastKnownFileType = sourcecode.swift; path = Env.swift; sourceTree = "<group>"; };
		006D7F282AFF806D00B933C3 /* AppDelegate.swift */ = {isa = PBXFileReference; fileEncoding = 4; lastKnownFileType = sourcecode.swift; path = AppDelegate.swift; sourceTree = "<group>"; };
		006D7F292AFF806D00B933C3 /* SceneDelegate.swift */ = {isa = PBXFileReference; fileEncoding = 4; lastKnownFileType = sourcecode.swift; path = SceneDelegate.swift; sourceTree = "<group>"; };
		006D7F7A2AFF806D00B933C3 /* Logger.swift */ = {isa = PBXFileReference; fileEncoding = 4; lastKnownFileType = sourcecode.swift; path = Logger.swift; sourceTree = "<group>"; };
		006D7F7D2AFF806D00B933C3 /* NavigationEnvironmentValues.swift */ = {isa = PBXFileReference; fileEncoding = 4; lastKnownFileType = sourcecode.swift; path = NavigationEnvironmentValues.swift; sourceTree = "<group>"; };
		006D7F7E2AFF806D00B933C3 /* NavigationStyle.swift */ = {isa = PBXFileReference; fileEncoding = 4; lastKnownFileType = sourcecode.swift; path = NavigationStyle.swift; sourceTree = "<group>"; };
		006D7F7F2AFF806D00B933C3 /* Router.swift */ = {isa = PBXFileReference; fileEncoding = 4; lastKnownFileType = sourcecode.swift; path = Router.swift; sourceTree = "<group>"; };
		006D7F802AFF806E00B933C3 /* RouterHost.swift */ = {isa = PBXFileReference; fileEncoding = 4; lastKnownFileType = sourcecode.swift; path = RouterHost.swift; sourceTree = "<group>"; };
		006D7F812AFF806E00B933C3 /* NavigationControllerHost.swift */ = {isa = PBXFileReference; fileEncoding = 4; lastKnownFileType = sourcecode.swift; path = NavigationControllerHost.swift; sourceTree = "<group>"; };
		006D7F822AFF806E00B933C3 /* Route.swift */ = {isa = PBXFileReference; fileEncoding = 4; lastKnownFileType = sourcecode.swift; path = Route.swift; sourceTree = "<group>"; };
		006D7F832AFF806E00B933C3 /* ViewModel.swift */ = {isa = PBXFileReference; fileEncoding = 4; lastKnownFileType = sourcecode.swift; path = ViewModel.swift; sourceTree = "<group>"; };
		006D7F862AFF806E00B933C3 /* SessionCoordinator.swift */ = {isa = PBXFileReference; fileEncoding = 4; lastKnownFileType = sourcecode.swift; path = SessionCoordinator.swift; sourceTree = "<group>"; };
		006D7F892AFF806E00B933C3 /* HTTPMethod.swift */ = {isa = PBXFileReference; fileEncoding = 4; lastKnownFileType = sourcecode.swift; path = HTTPMethod.swift; sourceTree = "<group>"; };
		006D7F8A2AFF806E00B933C3 /* SessionError.swift */ = {isa = PBXFileReference; fileEncoding = 4; lastKnownFileType = sourcecode.swift; path = SessionError.swift; sourceTree = "<group>"; };
		006D7F8B2AFF806E00B933C3 /* RequestParameters.swift */ = {isa = PBXFileReference; fileEncoding = 4; lastKnownFileType = sourcecode.swift; path = RequestParameters.swift; sourceTree = "<group>"; };
		006D7F8C2AFF806E00B933C3 /* ResultPublisher.swift */ = {isa = PBXFileReference; fileEncoding = 4; lastKnownFileType = sourcecode.swift; path = ResultPublisher.swift; sourceTree = "<group>"; };
		006D80072AFF835E00B933C3 /* RootTopScreen.swift */ = {isa = PBXFileReference; fileEncoding = 4; lastKnownFileType = sourcecode.swift; path = RootTopScreen.swift; sourceTree = "<group>"; };
		006D80082AFF835E00B933C3 /* BottomTabView.swift */ = {isa = PBXFileReference; fileEncoding = 4; lastKnownFileType = sourcecode.swift; path = BottomTabView.swift; sourceTree = "<group>"; };
		006D80092AFF835E00B933C3 /* RootTopViewModel.swift */ = {isa = PBXFileReference; fileEncoding = 4; lastKnownFileType = sourcecode.swift; path = RootTopViewModel.swift; sourceTree = "<group>"; };
		006D800E2AFF85EC00B933C3 /* DictionaryHelper.swift */ = {isa = PBXFileReference; fileEncoding = 4; lastKnownFileType = sourcecode.swift; path = DictionaryHelper.swift; sourceTree = "<group>"; };
		006D80112AFFB9C600B933C3 /* InventoryScreen.swift */ = {isa = PBXFileReference; lastKnownFileType = sourcecode.swift; path = InventoryScreen.swift; sourceTree = "<group>"; };
		006D80132AFFB9DC00B933C3 /* InventoryViewModel.swift */ = {isa = PBXFileReference; lastKnownFileType = sourcecode.swift; path = InventoryViewModel.swift; sourceTree = "<group>"; };
		006D80162AFFBD8000B933C3 /* DashboardCard.swift */ = {isa = PBXFileReference; lastKnownFileType = sourcecode.swift; path = DashboardCard.swift; sourceTree = "<group>"; };
		006D80182AFFBE1600B933C3 /* InventorySection.swift */ = {isa = PBXFileReference; lastKnownFileType = sourcecode.swift; path = InventorySection.swift; sourceTree = "<group>"; };
		006D801C2AFFC05300B933C3 /* DashboardSection.swift */ = {isa = PBXFileReference; lastKnownFileType = sourcecode.swift; path = DashboardSection.swift; sourceTree = "<group>"; };
		006D801E2AFFE0D500B933C3 /* RecentCard.swift */ = {isa = PBXFileReference; lastKnownFileType = sourcecode.swift; path = RecentCard.swift; sourceTree = "<group>"; };
		006D80202AFFE72600B933C3 /* RecentSection.swift */ = {isa = PBXFileReference; lastKnownFileType = sourcecode.swift; path = RecentSection.swift; sourceTree = "<group>"; };
		006D80232AFFF24100B933C3 /* ItemsScreen.swift */ = {isa = PBXFileReference; lastKnownFileType = sourcecode.swift; path = ItemsScreen.swift; sourceTree = "<group>"; };
		006D80262AFFF5D400B933C3 /* EditItemScreen.swift */ = {isa = PBXFileReference; lastKnownFileType = sourcecode.swift; path = EditItemScreen.swift; sourceTree = "<group>"; };
		006D802D2B0003EF00B933C3 /* LargeButton.swift */ = {isa = PBXFileReference; fileEncoding = 4; lastKnownFileType = sourcecode.swift; path = LargeButton.swift; sourceTree = "<group>"; };
		006D80302B00040500B933C3 /* ServicesScreen.swift */ = {isa = PBXFileReference; fileEncoding = 4; lastKnownFileType = sourcecode.swift; path = ServicesScreen.swift; sourceTree = "<group>"; };
		006D80322B00042000B933C3 /* SignInScreen.swift */ = {isa = PBXFileReference; fileEncoding = 4; lastKnownFileType = sourcecode.swift; path = SignInScreen.swift; sourceTree = "<group>"; };
/* End PBXFileReference section */

/* Begin PBXFrameworksBuildPhase section */
		006D7ED22AFF7E8B00B933C3 /* Frameworks */ = {
			isa = PBXFrameworksBuildPhase;
			buildActionMask = 2147483647;
			files = (
				006D802C2AFFFD6600B933C3 /* CodeScanner in Frameworks */,
			);
			runOnlyForDeploymentPostprocessing = 0;
		};
/* End PBXFrameworksBuildPhase section */

/* Begin PBXGroup section */
		006D7ECC2AFF7E8B00B933C3 = {
			isa = PBXGroup;
			children = (
				006D7ED72AFF7E8B00B933C3 /* halykoiy */,
				006D7ED62AFF7E8B00B933C3 /* Products */,
			);
			sourceTree = "<group>";
		};
		006D7ED62AFF7E8B00B933C3 /* Products */ = {
			isa = PBXGroup;
			children = (
				006D7ED52AFF7E8B00B933C3 /* halykoiy.app */,
			);
			name = Products;
			sourceTree = "<group>";
		};
		006D7ED72AFF7E8B00B933C3 /* halykoiy */ = {
			isa = PBXGroup;
			children = (
				006D7F262AFF806D00B933C3 /* Application */,
				006D7F032AFF806D00B933C3 /* UI */,
				006D7EE72AFF806C00B933C3 /* Domain */,
				006D7F2A2AFF806D00B933C3 /* Features */,
				006D7F782AFF806D00B933C3 /* Library */,
				006D7EDC2AFF7E8C00B933C3 /* Assets.xcassets */,
				006D7EDE2AFF7E8C00B933C3 /* halykoiy.entitlements */,
				006D7EDF2AFF7E8C00B933C3 /* Preview Content */,
			);
			path = halykoiy;
			sourceTree = "<group>";
		};
		006D7EDF2AFF7E8C00B933C3 /* Preview Content */ = {
			isa = PBXGroup;
			children = (
				006D7EE02AFF7E8C00B933C3 /* Preview Assets.xcassets */,
			);
			path = "Preview Content";
			sourceTree = "<group>";
		};
		006D7EE72AFF806C00B933C3 /* Domain */ = {
			isa = PBXGroup;
			children = (
				006D800D2AFF85DC00B933C3 /* Utilities */,
				006D7EE82AFF806C00B933C3 /* Repositories */,
				006D7EEF2AFF806C00B933C3 /* Requests */,
				006D7EF62AFF806C00B933C3 /* Entities */,
			);
			path = Domain;
			sourceTree = "<group>";
		};
		006D7EE82AFF806C00B933C3 /* Repositories */ = {
			isa = PBXGroup;
			children = (
				006D7EEA2AFF806C00B933C3 /* AuthRepository.swift */,
			);
			path = Repositories;
			sourceTree = "<group>";
		};
		006D7EEF2AFF806C00B933C3 /* Requests */ = {
			isa = PBXGroup;
			children = (
				006D7EF02AFF806C00B933C3 /* AuthRequest.swift */,
				006D7EF12AFF806C00B933C3 /* RestaurantsRequest.swift */,
				006D7EF22AFF806C00B933C3 /* JSONRequest.swift */,
			);
			path = Requests;
			sourceTree = "<group>";
		};
		006D7EF62AFF806C00B933C3 /* Entities */ = {
			isa = PBXGroup;
			children = (
				006D7EF72AFF806C00B933C3 /* TabItem.swift */,
				006D7EF82AFF806C00B933C3 /* Responses */,
			);
			path = Entities;
			sourceTree = "<group>";
		};
		006D7EF82AFF806C00B933C3 /* Responses */ = {
			isa = PBXGroup;
			children = (
				006D7EF92AFF806C00B933C3 /* EmptyResponse.swift */,
				006D7EFA2AFF806D00B933C3 /* ErrorResponse.swift */,
				006D7EFB2AFF806D00B933C3 /* AuthResponse.swift */,
			);
			path = Responses;
			sourceTree = "<group>";
		};
		006D7F032AFF806D00B933C3 /* UI */ = {
			isa = PBXGroup;
			children = (
				006D7F052AFF806D00B933C3 /* Modifiers */,
				006D7F072AFF806D00B933C3 /* Components */,
				006D7F1A2AFF806D00B933C3 /* Extensions */,
				006D7F202AFF806D00B933C3 /* Tokens */,
			);
			path = UI;
			sourceTree = "<group>";
		};
		006D7F052AFF806D00B933C3 /* Modifiers */ = {
			isa = PBXGroup;
			children = (
				006D802D2B0003EF00B933C3 /* LargeButton.swift */,
				006D7F062AFF806D00B933C3 /* RoundedCorner.swift */,
			);
			path = Modifiers;
			sourceTree = "<group>";
		};
		006D7F072AFF806D00B933C3 /* Components */ = {
			isa = PBXGroup;
			children = (
				006D7F082AFF806D00B933C3 /* CachedAsyncImage.swift */,
				006D7F092AFF806D00B933C3 /* Spinner.swift */,
				006D7F0B2AFF806D00B933C3 /* NavigationBottom.swift */,
				006D7F0C2AFF806D00B933C3 /* TextField.swift */,
				006D7F0D2AFF806D00B933C3 /* Line.swift */,
				006D7F112AFF806D00B933C3 /* Separator.swift */,
			);
			path = Components;
			sourceTree = "<group>";
		};
		006D7F1A2AFF806D00B933C3 /* Extensions */ = {
			isa = PBXGroup;
			children = (
				006D7F1B2AFF806D00B933C3 /* ViewExtensions.swift */,
				006D7F1D2AFF806D00B933C3 /* ImageExtensions.swift */,
				006D7F1E2AFF806D00B933C3 /* ColorExtensions.swift */,
				006D7F1F2AFF806D00B933C3 /* UIColorExtensions.swift */,
			);
			path = Extensions;
			sourceTree = "<group>";
		};
		006D7F202AFF806D00B933C3 /* Tokens */ = {
			isa = PBXGroup;
			children = (
				006D7F232AFF806D00B933C3 /* ImageAsset.swift */,
				006D7F252AFF806D00B933C3 /* ColorToken.swift */,
			);
			path = Tokens;
			sourceTree = "<group>";
		};
		006D7F262AFF806D00B933C3 /* Application */ = {
			isa = PBXGroup;
			children = (
				006D7F272AFF806D00B933C3 /* Env.swift */,
				006D7F282AFF806D00B933C3 /* AppDelegate.swift */,
				006D7F292AFF806D00B933C3 /* SceneDelegate.swift */,
			);
			path = Application;
			sourceTree = "<group>";
		};
		006D7F2A2AFF806D00B933C3 /* Features */ = {
			isa = PBXGroup;
			children = (
				006D802F2B0003FD00B933C3 /* Services */,
				006D80252AFFF5CD00B933C3 /* EditItem */,
				006D80222AFFF21200B933C3 /* Items */,
				006D80102AFFB5FE00B933C3 /* Inventory */,
				006D80062AFF835E00B933C3 /* RootTop */,
			);
			path = Features;
			sourceTree = "<group>";
		};
		006D7F782AFF806D00B933C3 /* Library */ = {
			isa = PBXGroup;
			children = (
				006D7F792AFF806D00B933C3 /* Internal */,
				006D7F7B2AFF806D00B933C3 /* Architecture */,
				006D7F842AFF806E00B933C3 /* HTTP */,
			);
			path = Library;
			sourceTree = "<group>";
		};
		006D7F792AFF806D00B933C3 /* Internal */ = {
			isa = PBXGroup;
			children = (
				006D7F7A2AFF806D00B933C3 /* Logger.swift */,
			);
			path = Internal;
			sourceTree = "<group>";
		};
		006D7F7B2AFF806D00B933C3 /* Architecture */ = {
			isa = PBXGroup;
			children = (
				006D7F7C2AFF806D00B933C3 /* Navigation */,
				006D7F832AFF806E00B933C3 /* ViewModel.swift */,
			);
			path = Architecture;
			sourceTree = "<group>";
		};
		006D7F7C2AFF806D00B933C3 /* Navigation */ = {
			isa = PBXGroup;
			children = (
				006D7F7D2AFF806D00B933C3 /* NavigationEnvironmentValues.swift */,
				006D7F7E2AFF806D00B933C3 /* NavigationStyle.swift */,
				006D7F7F2AFF806D00B933C3 /* Router.swift */,
				006D7F802AFF806E00B933C3 /* RouterHost.swift */,
				006D7F812AFF806E00B933C3 /* NavigationControllerHost.swift */,
				006D7F822AFF806E00B933C3 /* Route.swift */,
			);
			path = Navigation;
			sourceTree = "<group>";
		};
		006D7F842AFF806E00B933C3 /* HTTP */ = {
			isa = PBXGroup;
			children = (
				006D7F852AFF806E00B933C3 /* Core */,
				006D7F882AFF806E00B933C3 /* Domain */,
			);
			path = HTTP;
			sourceTree = "<group>";
		};
		006D7F852AFF806E00B933C3 /* Core */ = {
			isa = PBXGroup;
			children = (
				006D7F862AFF806E00B933C3 /* SessionCoordinator.swift */,
			);
			path = Core;
			sourceTree = "<group>";
		};
		006D7F882AFF806E00B933C3 /* Domain */ = {
			isa = PBXGroup;
			children = (
				006D7F892AFF806E00B933C3 /* HTTPMethod.swift */,
				006D7F8A2AFF806E00B933C3 /* SessionError.swift */,
				006D7F8B2AFF806E00B933C3 /* RequestParameters.swift */,
				006D7F8C2AFF806E00B933C3 /* ResultPublisher.swift */,
			);
			path = Domain;
			sourceTree = "<group>";
		};
		006D80062AFF835E00B933C3 /* RootTop */ = {
			isa = PBXGroup;
			children = (
				006D80072AFF835E00B933C3 /* RootTopScreen.swift */,
				006D80082AFF835E00B933C3 /* BottomTabView.swift */,
				006D80092AFF835E00B933C3 /* RootTopViewModel.swift */,
			);
			path = RootTop;
			sourceTree = "<group>";
		};
		006D800D2AFF85DC00B933C3 /* Utilities */ = {
			isa = PBXGroup;
			children = (
				006D800E2AFF85EC00B933C3 /* DictionaryHelper.swift */,
			);
			path = Utilities;
			sourceTree = "<group>";
		};
		006D80102AFFB5FE00B933C3 /* Inventory */ = {
			isa = PBXGroup;
			children = (
				006D801A2AFFBF1E00B933C3 /* Sections */,
				006D80152AFFBD6C00B933C3 /* Views */,
				006D80112AFFB9C600B933C3 /* InventoryScreen.swift */,
				006D80132AFFB9DC00B933C3 /* InventoryViewModel.swift */,
			);
			path = Inventory;
			sourceTree = "<group>";
		};
		006D80152AFFBD6C00B933C3 /* Views */ = {
			isa = PBXGroup;
			children = (
				006D80162AFFBD8000B933C3 /* DashboardCard.swift */,
				006D80182AFFBE1600B933C3 /* InventorySection.swift */,
				006D801E2AFFE0D500B933C3 /* RecentCard.swift */,
			);
			path = Views;
			sourceTree = "<group>";
		};
		006D801A2AFFBF1E00B933C3 /* Sections */ = {
			isa = PBXGroup;
			children = (
				006D801C2AFFC05300B933C3 /* DashboardSection.swift */,
				006D80202AFFE72600B933C3 /* RecentSection.swift */,
			);
			path = Sections;
			sourceTree = "<group>";
		};
		006D80222AFFF21200B933C3 /* Items */ = {
			isa = PBXGroup;
			children = (
				006D80232AFFF24100B933C3 /* ItemsScreen.swift */,
			);
			path = Items;
			sourceTree = "<group>";
		};
		006D80252AFFF5CD00B933C3 /* EditItem */ = {
			isa = PBXGroup;
			children = (
				006D80262AFFF5D400B933C3 /* EditItemScreen.swift */,
			);
			path = EditItem;
			sourceTree = "<group>";
		};
		006D802F2B0003FD00B933C3 /* Services */ = {
			isa = PBXGroup;
			children = (
				006D80302B00040500B933C3 /* ServicesScreen.swift */,
				006D80322B00042000B933C3 /* SignInScreen.swift */,
			);
			path = Services;
			sourceTree = "<group>";
		};
/* End PBXGroup section */

/* Begin PBXNativeTarget section */
		006D7ED42AFF7E8B00B933C3 /* halykoiy */ = {
			isa = PBXNativeTarget;
			buildConfigurationList = 006D7EE42AFF7E8C00B933C3 /* Build configuration list for PBXNativeTarget "halykoiy" */;
			buildPhases = (
				006D7ED12AFF7E8B00B933C3 /* Sources */,
				006D7ED22AFF7E8B00B933C3 /* Frameworks */,
				006D7ED32AFF7E8B00B933C3 /* Resources */,
			);
			buildRules = (
			);
			dependencies = (
			);
			name = halykoiy;
			packageProductDependencies = (
				006D802B2AFFFD6600B933C3 /* CodeScanner */,
			);
			productName = halykoiy;
			productReference = 006D7ED52AFF7E8B00B933C3 /* halykoiy.app */;
			productType = "com.apple.product-type.application";
		};
/* End PBXNativeTarget section */

/* Begin PBXProject section */
		006D7ECD2AFF7E8B00B933C3 /* Project object */ = {
			isa = PBXProject;
			attributes = {
				BuildIndependentTargetsInParallel = 1;
				LastSwiftUpdateCheck = 1430;
				LastUpgradeCheck = 1430;
				TargetAttributes = {
					006D7ED42AFF7E8B00B933C3 = {
						CreatedOnToolsVersion = 14.3.1;
					};
				};
			};
			buildConfigurationList = 006D7ED02AFF7E8B00B933C3 /* Build configuration list for PBXProject "halykoiy" */;
			compatibilityVersion = "Xcode 14.0";
			developmentRegion = en;
			hasScannedForEncodings = 0;
			knownRegions = (
				en,
				Base,
			);
			mainGroup = 006D7ECC2AFF7E8B00B933C3;
			packageReferences = (
				006D802A2AFFFD6600B933C3 /* XCRemoteSwiftPackageReference "CodeScanner" */,
			);
			productRefGroup = 006D7ED62AFF7E8B00B933C3 /* Products */;
			projectDirPath = "";
			projectRoot = "";
			targets = (
				006D7ED42AFF7E8B00B933C3 /* halykoiy */,
			);
		};
/* End PBXProject section */

/* Begin PBXResourcesBuildPhase section */
		006D7ED32AFF7E8B00B933C3 /* Resources */ = {
			isa = PBXResourcesBuildPhase;
			buildActionMask = 2147483647;
			files = (
				006D7EE12AFF7E8C00B933C3 /* Preview Assets.xcassets in Resources */,
				006D7EDD2AFF7E8C00B933C3 /* Assets.xcassets in Resources */,
			);
			runOnlyForDeploymentPostprocessing = 0;
		};
/* End PBXResourcesBuildPhase section */

/* Begin PBXSourcesBuildPhase section */
		006D7ED12AFF7E8B00B933C3 /* Sources */ = {
			isa = PBXSourcesBuildPhase;
			buildActionMask = 2147483647;
			files = (
				006D80172AFFBD8000B933C3 /* DashboardCard.swift in Sources */,
				006D80142AFFB9DC00B933C3 /* InventoryViewModel.swift in Sources */,
				006D80272AFFF5D400B933C3 /* EditItemScreen.swift in Sources */,
				006D7FBF2AFF806E00B933C3 /* Env.swift in Sources */,
				006D7FFF2AFF806E00B933C3 /* SessionCoordinator.swift in Sources */,
				006D80212AFFE72600B933C3 /* RecentSection.swift in Sources */,
				006D80122AFFB9C600B933C3 /* InventoryScreen.swift in Sources */,
				006D7FA52AFF806E00B933C3 /* Spinner.swift in Sources */,
				006D7F992AFF806E00B933C3 /* ErrorResponse.swift in Sources */,
				006D7FFD2AFF806E00B933C3 /* Route.swift in Sources */,
				006D80022AFF806E00B933C3 /* SessionError.swift in Sources */,
				006D80192AFFBE1600B933C3 /* InventorySection.swift in Sources */,
				006D7FBC2AFF806E00B933C3 /* ImageAsset.swift in Sources */,
				006D7FA82AFF806E00B933C3 /* TextField.swift in Sources */,
				006D801D2AFFC05300B933C3 /* DashboardSection.swift in Sources */,
				006D7FA32AFF806E00B933C3 /* RoundedCorner.swift in Sources */,
				006D80012AFF806E00B933C3 /* HTTPMethod.swift in Sources */,
				006D7FC12AFF806E00B933C3 /* SceneDelegate.swift in Sources */,
				006D7FFA2AFF806E00B933C3 /* Router.swift in Sources */,
				006D7FF92AFF806E00B933C3 /* NavigationStyle.swift in Sources */,
				006D7F8E2AFF806E00B933C3 /* AuthRepository.swift in Sources */,
				006D7FB92AFF806E00B933C3 /* UIColorExtensions.swift in Sources */,
				006D800A2AFF835E00B933C3 /* RootTopScreen.swift in Sources */,
				006D801F2AFFE0D500B933C3 /* RecentCard.swift in Sources */,
				006D7FFB2AFF806E00B933C3 /* RouterHost.swift in Sources */,
				006D7FF72AFF806E00B933C3 /* Logger.swift in Sources */,
				006D800C2AFF835E00B933C3 /* RootTopViewModel.swift in Sources */,
				006D7FF82AFF806E00B933C3 /* NavigationEnvironmentValues.swift in Sources */,
				006D7FAD2AFF806E00B933C3 /* Separator.swift in Sources */,
				006D7FB52AFF806E00B933C3 /* ViewExtensions.swift in Sources */,
				006D7FA72AFF806E00B933C3 /* NavigationBottom.swift in Sources */,
				006D80032AFF806E00B933C3 /* RequestParameters.swift in Sources */,
				006D7FA42AFF806E00B933C3 /* CachedAsyncImage.swift in Sources */,
				006D7F972AFF806E00B933C3 /* TabItem.swift in Sources */,
				006D7FBE2AFF806E00B933C3 /* ColorToken.swift in Sources */,
				006D802E2B0003EF00B933C3 /* LargeButton.swift in Sources */,
				006D7FA92AFF806E00B933C3 /* Line.swift in Sources */,
				006D80042AFF806E00B933C3 /* ResultPublisher.swift in Sources */,
				006D7F982AFF806E00B933C3 /* EmptyResponse.swift in Sources */,
				006D7FB72AFF806E00B933C3 /* ImageExtensions.swift in Sources */,
				006D80242AFFF24100B933C3 /* ItemsScreen.swift in Sources */,
				006D7F942AFF806E00B933C3 /* JSONRequest.swift in Sources */,
				006D7F922AFF806E00B933C3 /* AuthRequest.swift in Sources */,
				006D7F932AFF806E00B933C3 /* RestaurantsRequest.swift in Sources */,
				006D800F2AFF85EC00B933C3 /* DictionaryHelper.swift in Sources */,
				006D7F9A2AFF806E00B933C3 /* AuthResponse.swift in Sources */,
				006D7FFE2AFF806E00B933C3 /* ViewModel.swift in Sources */,
				006D80312B00040500B933C3 /* ServicesScreen.swift in Sources */,
				006D7FB82AFF806E00B933C3 /* ColorExtensions.swift in Sources */,
				006D80332B00042000B933C3 /* SignInScreen.swift in Sources */,
				006D7FFC2AFF806E00B933C3 /* NavigationControllerHost.swift in Sources */,
				006D800B2AFF835E00B933C3 /* BottomTabView.swift in Sources */,
				006D7FC02AFF806E00B933C3 /* AppDelegate.swift in Sources */,
			);
			runOnlyForDeploymentPostprocessing = 0;
		};
/* End PBXSourcesBuildPhase section */

/* Begin XCBuildConfiguration section */
		006D7EE22AFF7E8C00B933C3 /* Debug */ = {
			isa = XCBuildConfiguration;
			buildSettings = {
				ALWAYS_SEARCH_USER_PATHS = NO;
				CLANG_ANALYZER_NONNULL = YES;
				CLANG_ANALYZER_NUMBER_OBJECT_CONVERSION = YES_AGGRESSIVE;
				CLANG_CXX_LANGUAGE_STANDARD = "gnu++20";
				CLANG_ENABLE_MODULES = YES;
				CLANG_ENABLE_OBJC_ARC = YES;
				CLANG_ENABLE_OBJC_WEAK = YES;
				CLANG_WARN_BLOCK_CAPTURE_AUTORELEASING = YES;
				CLANG_WARN_BOOL_CONVERSION = YES;
				CLANG_WARN_COMMA = YES;
				CLANG_WARN_CONSTANT_CONVERSION = YES;
				CLANG_WARN_DEPRECATED_OBJC_IMPLEMENTATIONS = YES;
				CLANG_WARN_DIRECT_OBJC_ISA_USAGE = YES_ERROR;
				CLANG_WARN_DOCUMENTATION_COMMENTS = YES;
				CLANG_WARN_EMPTY_BODY = YES;
				CLANG_WARN_ENUM_CONVERSION = YES;
				CLANG_WARN_INFINITE_RECURSION = YES;
				CLANG_WARN_INT_CONVERSION = YES;
				CLANG_WARN_NON_LITERAL_NULL_CONVERSION = YES;
				CLANG_WARN_OBJC_IMPLICIT_RETAIN_SELF = YES;
				CLANG_WARN_OBJC_LITERAL_CONVERSION = YES;
				CLANG_WARN_OBJC_ROOT_CLASS = YES_ERROR;
				CLANG_WARN_QUOTED_INCLUDE_IN_FRAMEWORK_HEADER = YES;
				CLANG_WARN_RANGE_LOOP_ANALYSIS = YES;
				CLANG_WARN_STRICT_PROTOTYPES = YES;
				CLANG_WARN_SUSPICIOUS_MOVE = YES;
				CLANG_WARN_UNGUARDED_AVAILABILITY = YES_AGGRESSIVE;
				CLANG_WARN_UNREACHABLE_CODE = YES;
				CLANG_WARN__DUPLICATE_METHOD_MATCH = YES;
				COPY_PHASE_STRIP = NO;
				DEBUG_INFORMATION_FORMAT = dwarf;
				ENABLE_STRICT_OBJC_MSGSEND = YES;
				ENABLE_TESTABILITY = YES;
				GCC_C_LANGUAGE_STANDARD = gnu11;
				GCC_DYNAMIC_NO_PIC = NO;
				GCC_NO_COMMON_BLOCKS = YES;
				GCC_OPTIMIZATION_LEVEL = 0;
				GCC_PREPROCESSOR_DEFINITIONS = (
					"DEBUG=1",
					"$(inherited)",
				);
				GCC_WARN_64_TO_32_BIT_CONVERSION = YES;
				GCC_WARN_ABOUT_RETURN_TYPE = YES_ERROR;
				GCC_WARN_UNDECLARED_SELECTOR = YES;
				GCC_WARN_UNINITIALIZED_AUTOS = YES_AGGRESSIVE;
				GCC_WARN_UNUSED_FUNCTION = YES;
				GCC_WARN_UNUSED_VARIABLE = YES;
				MTL_ENABLE_DEBUG_INFO = INCLUDE_SOURCE;
				MTL_FAST_MATH = YES;
				ONLY_ACTIVE_ARCH = YES;
				SWIFT_ACTIVE_COMPILATION_CONDITIONS = DEBUG;
				SWIFT_OPTIMIZATION_LEVEL = "-Onone";
			};
			name = Debug;
		};
		006D7EE32AFF7E8C00B933C3 /* Release */ = {
			isa = XCBuildConfiguration;
			buildSettings = {
				ALWAYS_SEARCH_USER_PATHS = NO;
				CLANG_ANALYZER_NONNULL = YES;
				CLANG_ANALYZER_NUMBER_OBJECT_CONVERSION = YES_AGGRESSIVE;
				CLANG_CXX_LANGUAGE_STANDARD = "gnu++20";
				CLANG_ENABLE_MODULES = YES;
				CLANG_ENABLE_OBJC_ARC = YES;
				CLANG_ENABLE_OBJC_WEAK = YES;
				CLANG_WARN_BLOCK_CAPTURE_AUTORELEASING = YES;
				CLANG_WARN_BOOL_CONVERSION = YES;
				CLANG_WARN_COMMA = YES;
				CLANG_WARN_CONSTANT_CONVERSION = YES;
				CLANG_WARN_DEPRECATED_OBJC_IMPLEMENTATIONS = YES;
				CLANG_WARN_DIRECT_OBJC_ISA_USAGE = YES_ERROR;
				CLANG_WARN_DOCUMENTATION_COMMENTS = YES;
				CLANG_WARN_EMPTY_BODY = YES;
				CLANG_WARN_ENUM_CONVERSION = YES;
				CLANG_WARN_INFINITE_RECURSION = YES;
				CLANG_WARN_INT_CONVERSION = YES;
				CLANG_WARN_NON_LITERAL_NULL_CONVERSION = YES;
				CLANG_WARN_OBJC_IMPLICIT_RETAIN_SELF = YES;
				CLANG_WARN_OBJC_LITERAL_CONVERSION = YES;
				CLANG_WARN_OBJC_ROOT_CLASS = YES_ERROR;
				CLANG_WARN_QUOTED_INCLUDE_IN_FRAMEWORK_HEADER = YES;
				CLANG_WARN_RANGE_LOOP_ANALYSIS = YES;
				CLANG_WARN_STRICT_PROTOTYPES = YES;
				CLANG_WARN_SUSPICIOUS_MOVE = YES;
				CLANG_WARN_UNGUARDED_AVAILABILITY = YES_AGGRESSIVE;
				CLANG_WARN_UNREACHABLE_CODE = YES;
				CLANG_WARN__DUPLICATE_METHOD_MATCH = YES;
				COPY_PHASE_STRIP = NO;
				DEBUG_INFORMATION_FORMAT = "dwarf-with-dsym";
				ENABLE_NS_ASSERTIONS = NO;
				ENABLE_STRICT_OBJC_MSGSEND = YES;
				GCC_C_LANGUAGE_STANDARD = gnu11;
				GCC_NO_COMMON_BLOCKS = YES;
				GCC_WARN_64_TO_32_BIT_CONVERSION = YES;
				GCC_WARN_ABOUT_RETURN_TYPE = YES_ERROR;
				GCC_WARN_UNDECLARED_SELECTOR = YES;
				GCC_WARN_UNINITIALIZED_AUTOS = YES_AGGRESSIVE;
				GCC_WARN_UNUSED_FUNCTION = YES;
				GCC_WARN_UNUSED_VARIABLE = YES;
				MTL_ENABLE_DEBUG_INFO = NO;
				MTL_FAST_MATH = YES;
				SWIFT_COMPILATION_MODE = wholemodule;
				SWIFT_OPTIMIZATION_LEVEL = "-O";
			};
			name = Release;
		};
		006D7EE52AFF7E8C00B933C3 /* Debug */ = {
			isa = XCBuildConfiguration;
			buildSettings = {
				ASSETCATALOG_COMPILER_APPICON_NAME = AppIcon;
				ASSETCATALOG_COMPILER_GLOBAL_ACCENT_COLOR_NAME = AccentColor;
				CODE_SIGN_ENTITLEMENTS = halykoiy/halykoiy.entitlements;
				CODE_SIGN_STYLE = Automatic;
				CURRENT_PROJECT_VERSION = 1;
				DEVELOPMENT_ASSET_PATHS = "\"halykoiy/Preview Content\"";
				ENABLE_PREVIEWS = YES;
				GENERATE_INFOPLIST_FILE = YES;
				"INFOPLIST_KEY_UIApplicationSceneManifest_Generation[sdk=iphoneos*]" = YES;
				"INFOPLIST_KEY_UIApplicationSceneManifest_Generation[sdk=iphonesimulator*]" = YES;
				"INFOPLIST_KEY_UIApplicationSupportsIndirectInputEvents[sdk=iphoneos*]" = YES;
				"INFOPLIST_KEY_UIApplicationSupportsIndirectInputEvents[sdk=iphonesimulator*]" = YES;
				"INFOPLIST_KEY_UILaunchScreen_Generation[sdk=iphoneos*]" = YES;
				"INFOPLIST_KEY_UILaunchScreen_Generation[sdk=iphonesimulator*]" = YES;
				"INFOPLIST_KEY_UIStatusBarStyle[sdk=iphoneos*]" = UIStatusBarStyleDefault;
				"INFOPLIST_KEY_UIStatusBarStyle[sdk=iphonesimulator*]" = UIStatusBarStyleDefault;
				INFOPLIST_KEY_UISupportedInterfaceOrientations_iPad = "UIInterfaceOrientationPortrait UIInterfaceOrientationPortraitUpsideDown UIInterfaceOrientationLandscapeLeft UIInterfaceOrientationLandscapeRight";
				INFOPLIST_KEY_UISupportedInterfaceOrientations_iPhone = "UIInterfaceOrientationPortrait UIInterfaceOrientationLandscapeLeft UIInterfaceOrientationLandscapeRight";
				IPHONEOS_DEPLOYMENT_TARGET = 16.4;
				LD_RUNPATH_SEARCH_PATHS = "@executable_path/Frameworks";
				"LD_RUNPATH_SEARCH_PATHS[sdk=macosx*]" = "@executable_path/../Frameworks";
				MACOSX_DEPLOYMENT_TARGET = 13.3;
				MARKETING_VERSION = 1.0;
				PRODUCT_BUNDLE_IDENTIFIER = com.mark.halykoiy;
				PRODUCT_NAME = "$(TARGET_NAME)";
				SDKROOT = auto;
				SUPPORTED_PLATFORMS = "iphoneos iphonesimulator macosx";
				SWIFT_EMIT_LOC_STRINGS = YES;
				SWIFT_VERSION = 5.0;
				TARGETED_DEVICE_FAMILY = "1,2";
			};
			name = Debug;
		};
		006D7EE62AFF7E8C00B933C3 /* Release */ = {
			isa = XCBuildConfiguration;
			buildSettings = {
				ASSETCATALOG_COMPILER_APPICON_NAME = AppIcon;
				ASSETCATALOG_COMPILER_GLOBAL_ACCENT_COLOR_NAME = AccentColor;
				CODE_SIGN_ENTITLEMENTS = halykoiy/halykoiy.entitlements;
				CODE_SIGN_STYLE = Automatic;
				CURRENT_PROJECT_VERSION = 1;
				DEVELOPMENT_ASSET_PATHS = "\"halykoiy/Preview Content\"";
				ENABLE_PREVIEWS = YES;
				GENERATE_INFOPLIST_FILE = YES;
				"INFOPLIST_KEY_UIApplicationSceneManifest_Generation[sdk=iphoneos*]" = YES;
				"INFOPLIST_KEY_UIApplicationSceneManifest_Generation[sdk=iphonesimulator*]" = YES;
				"INFOPLIST_KEY_UIApplicationSupportsIndirectInputEvents[sdk=iphoneos*]" = YES;
				"INFOPLIST_KEY_UIApplicationSupportsIndirectInputEvents[sdk=iphonesimulator*]" = YES;
				"INFOPLIST_KEY_UILaunchScreen_Generation[sdk=iphoneos*]" = YES;
				"INFOPLIST_KEY_UILaunchScreen_Generation[sdk=iphonesimulator*]" = YES;
				"INFOPLIST_KEY_UIStatusBarStyle[sdk=iphoneos*]" = UIStatusBarStyleDefault;
				"INFOPLIST_KEY_UIStatusBarStyle[sdk=iphonesimulator*]" = UIStatusBarStyleDefault;
				INFOPLIST_KEY_UISupportedInterfaceOrientations_iPad = "UIInterfaceOrientationPortrait UIInterfaceOrientationPortraitUpsideDown UIInterfaceOrientationLandscapeLeft UIInterfaceOrientationLandscapeRight";
				INFOPLIST_KEY_UISupportedInterfaceOrientations_iPhone = "UIInterfaceOrientationPortrait UIInterfaceOrientationLandscapeLeft UIInterfaceOrientationLandscapeRight";
				IPHONEOS_DEPLOYMENT_TARGET = 16.4;
				LD_RUNPATH_SEARCH_PATHS = "@executable_path/Frameworks";
				"LD_RUNPATH_SEARCH_PATHS[sdk=macosx*]" = "@executable_path/../Frameworks";
				MACOSX_DEPLOYMENT_TARGET = 13.3;
				MARKETING_VERSION = 1.0;
				PRODUCT_BUNDLE_IDENTIFIER = com.mark.halykoiy;
				PRODUCT_NAME = "$(TARGET_NAME)";
				SDKROOT = auto;
				SUPPORTED_PLATFORMS = "iphoneos iphonesimulator macosx";
				SWIFT_EMIT_LOC_STRINGS = YES;
				SWIFT_VERSION = 5.0;
				TARGETED_DEVICE_FAMILY = "1,2";
			};
			name = Release;
		};
/* End XCBuildConfiguration section */

/* Begin XCConfigurationList section */
		006D7ED02AFF7E8B00B933C3 /* Build configuration list for PBXProject "halykoiy" */ = {
			isa = XCConfigurationList;
			buildConfigurations = (
				006D7EE22AFF7E8C00B933C3 /* Debug */,
				006D7EE32AFF7E8C00B933C3 /* Release */,
			);
			defaultConfigurationIsVisible = 0;
			defaultConfigurationName = Release;
		};
		006D7EE42AFF7E8C00B933C3 /* Build configuration list for PBXNativeTarget "halykoiy" */ = {
			isa = XCConfigurationList;
			buildConfigurations = (
				006D7EE52AFF7E8C00B933C3 /* Debug */,
				006D7EE62AFF7E8C00B933C3 /* Release */,
			);
			defaultConfigurationIsVisible = 0;
			defaultConfigurationName = Release;
		};
/* End XCConfigurationList section */

/* Begin XCRemoteSwiftPackageReference section */
		006D802A2AFFFD6600B933C3 /* XCRemoteSwiftPackageReference "CodeScanner" */ = {
			isa = XCRemoteSwiftPackageReference;
			repositoryURL = "https://github.com/twostraws/CodeScanner.git";
			requirement = {
				kind = upToNextMajorVersion;
				minimumVersion = 2.0.0;
			};
		};
/* End XCRemoteSwiftPackageReference section */

/* Begin XCSwiftPackageProductDependency section */
		006D802B2AFFFD6600B933C3 /* CodeScanner */ = {
			isa = XCSwiftPackageProductDependency;
			package = 006D802A2AFFFD6600B933C3 /* XCRemoteSwiftPackageReference "CodeScanner" */;
			productName = CodeScanner;
		};
/* End XCSwiftPackageProductDependency section */
	};
	rootObject = 006D7ECD2AFF7E8B00B933C3 /* Project object */;
}
